
Microsoft Visual Studio Solution File, Format Version 12.00
# Visual Studio 2012
Project("{FAE04EC0-301F-11D3-BF4B-00C04F79EFBC}") = "adaptive-arp-lib", "adaptive-arp-lib\adaptive-arp-lib.csproj", "{FA4B3007-ACDA-4E7F-B995-FEA8DA1ABB70}"
EndProject
Global
	GlobalSection(SolutionConfigurationPlatforms) = preSolution
		Debug|Any CPU = Debug|Any CPU
		Release|Any CPU = Release|Any CPU
	EndGlobalSection
	GlobalSection(ProjectConfigurationPlatforms) = postSolution
		{FA4B3007-ACDA-4E7F-B995-FEA8DA1ABB70}.Debug|Any CPU.ActiveCfg = Debug|Any CPU
		{FA4B3007-ACDA-4E7F-B995-FEA8DA1ABB70}.Debug|Any CPU.Build.0 = Debug|Any CPU
		{FA4B3007-ACDA-4E7F-B995-FEA8DA1ABB70}.Release|Any CPU.ActiveCfg = Release|Any CPU
		{FA4B3007-ACDA-4E7F-B995-FEA8DA1ABB70}.Release|Any CPU.Build.0 = Release|Any CPU
	EndGlobalSection
EndGlobal
